
Microsoft Visual Studio Solution File, Format Version 12.00
# Visual Studio Version 17
VisualStudioVersion = 17.5.33414.496
MinimumVisualStudioVersion = 10.0.40219.1
Project("{FAE04EC0-301F-11D3-BF4B-00C04F79EFBC}") = "Daten Verarbeitung", "Daten Verarbeitung\Daten Verarbeitung.csproj", "{BE52650B-719E-44EA-A998-C77FD6CE4DDB}"
EndProject
Global
	GlobalSection(SolutionConfigurationPlatforms) = preSolution
		Debug|Any CPU = Debug|Any CPU
		Release|Any CPU = Release|Any CPU
	EndGlobalSection
	GlobalSection(ProjectConfigurationPlatforms) = postSolution
		{BE52650B-719E-44EA-A998-C77FD6CE4DDB}.Debug|Any CPU.ActiveCfg = Debug|Any CPU
		{BE52650B-719E-44EA-A998-C77FD6CE4DDB}.Debug|Any CPU.Build.0 = Debug|Any CPU
		{BE52650B-719E-44EA-A998-C77FD6CE4DDB}.Release|Any CPU.ActiveCfg = Release|Any CPU
		{BE52650B-719E-44EA-A998-C77FD6CE4DDB}.Release|Any CPU.Build.0 = Release|Any CPU
	EndGlobalSection
	GlobalSection(SolutionProperties) = preSolution
		HideSolutionNode = FALSE
	EndGlobalSection
	GlobalSection(ExtensibilityGlobals) = postSolution
		SolutionGuid = {0235423F-4572-4D57-B84C-0B66A3491C94}
	EndGlobalSection
EndGlobal
